
Microsoft Visual Studio Solution File, Format Version 12.00
# Visual Studio Version 17
VisualStudioVersion = 17.4.33213.308
MinimumVisualStudioVersion = 10.0.40219.1
Project("{9A19103F-16F7-4668-BE54-9A1E7A4F7556}") = "MulakatCalisma", "MulakatCalisma\MulakatCalisma.csproj", "{3B8175C2-BBF2-4723-AB38-FCC9C43FCB19}"
EndProject
Global
	GlobalSection(SolutionConfigurationPlatforms) = preSolution
		Debug|Any CPU = Debug|Any CPU
		Release|Any CPU = Release|Any CPU
	EndGlobalSection
	GlobalSection(ProjectConfigurationPlatforms) = postSolution
		{3B8175C2-BBF2-4723-AB38-FCC9C43FCB19}.Debug|Any CPU.ActiveCfg = Debug|Any CPU
		{3B8175C2-BBF2-4723-AB38-FCC9C43FCB19}.Debug|Any CPU.Build.0 = Debug|Any CPU
		{3B8175C2-BBF2-4723-AB38-FCC9C43FCB19}.Release|Any CPU.ActiveCfg = Release|Any CPU
		{3B8175C2-BBF2-4723-AB38-FCC9C43FCB19}.Release|Any CPU.Build.0 = Release|Any CPU
	EndGlobalSection
	GlobalSection(SolutionProperties) = preSolution
		HideSolutionNode = FALSE
	EndGlobalSection
	GlobalSection(ExtensibilityGlobals) = postSolution
		SolutionGuid = {0C3190C5-BCF9-488F-B9F4-14DD044924BF}
	EndGlobalSection
EndGlobal
